
Microsoft Visual Studio Solution File, Format Version 12.00
# Visual Studio Version 17
VisualStudioVersion = 17.6.33829.357
MinimumVisualStudioVersion = 10.0.40219.1
Project("{FAE04EC0-301F-11D3-BF4B-00C04F79EFBC}") = "TasksApi", "TasksApi\TasksApi.csproj", "{B64270F3-60C7-496E-BC62-C48FBA4F35A1}"
EndProject
Global
	GlobalSection(SolutionConfigurationPlatforms) = preSolution
		Debug|Any CPU = Debug|Any CPU
		Release|Any CPU = Release|Any CPU
	EndGlobalSection
	GlobalSection(ProjectConfigurationPlatforms) = postSolution
		{B64270F3-60C7-496E-BC62-C48FBA4F35A1}.Debug|Any CPU.ActiveCfg = Debug|Any CPU
		{B64270F3-60C7-496E-BC62-C48FBA4F35A1}.Debug|Any CPU.Build.0 = Debug|Any CPU
		{B64270F3-60C7-496E-BC62-C48FBA4F35A1}.Release|Any CPU.ActiveCfg = Release|Any CPU
		{B64270F3-60C7-496E-BC62-C48FBA4F35A1}.Release|Any CPU.Build.0 = Release|Any CPU
	EndGlobalSection
	GlobalSection(SolutionProperties) = preSolution
		HideSolutionNode = FALSE
	EndGlobalSection
	GlobalSection(ExtensibilityGlobals) = postSolution
		SolutionGuid = {599CEF02-B781-40B6-9CFE-5F53EAAE3A5D}
	EndGlobalSection
EndGlobal
